
Microsoft Visual Studio Solution File, Format Version 12.00
# Visual Studio Version 17
VisualStudioVersion = 17.2.32526.322
MinimumVisualStudioVersion = 10.0.40219.1
Project("{FAE04EC0-301F-11D3-BF4B-00C04F79EFBC}") = "VSProjectZip", "VSProjectZip\VSProjectZip.csproj", "{9306D0AF-3BF3-466E-B3FC-CB00C9AF5969}"
EndProject
Project("{FAE04EC0-301F-11D3-BF4B-00C04F79EFBC}") = "VSProjectZip.Core", "VSProjectZip.Core\VSProjectZip.Core.csproj", "{CE60AA67-0068-4F7E-B302-611C449CE15C}"
EndProject
Global
	GlobalSection(SolutionConfigurationPlatforms) = preSolution
		Debug|Any CPU = Debug|Any CPU
		Release|Any CPU = Release|Any CPU
	EndGlobalSection
	GlobalSection(ProjectConfigurationPlatforms) = postSolution
		{9306D0AF-3BF3-466E-B3FC-CB00C9AF5969}.Debug|Any CPU.ActiveCfg = Debug|Any CPU
		{9306D0AF-3BF3-466E-B3FC-CB00C9AF5969}.Debug|Any CPU.Build.0 = Debug|Any CPU
		{9306D0AF-3BF3-466E-B3FC-CB00C9AF5969}.Release|Any CPU.ActiveCfg = Release|Any CPU
		{9306D0AF-3BF3-466E-B3FC-CB00C9AF5969}.Release|Any CPU.Build.0 = Release|Any CPU
		{CE60AA67-0068-4F7E-B302-611C449CE15C}.Debug|Any CPU.ActiveCfg = Debug|Any CPU
		{CE60AA67-0068-4F7E-B302-611C449CE15C}.Debug|Any CPU.Build.0 = Debug|Any CPU
		{CE60AA67-0068-4F7E-B302-611C449CE15C}.Release|Any CPU.ActiveCfg = Release|Any CPU
		{CE60AA67-0068-4F7E-B302-611C449CE15C}.Release|Any CPU.Build.0 = Release|Any CPU
	EndGlobalSection
	GlobalSection(SolutionProperties) = preSolution
		HideSolutionNode = FALSE
	EndGlobalSection
	GlobalSection(ExtensibilityGlobals) = postSolution
		SolutionGuid = {46D0E1DD-100C-4E50-AB31-5BB21441D594}
	EndGlobalSection
EndGlobal
